{
  "name": "monaco-csharp",
  "version": "1.0.0",
  "lockfileVersion": 1,
  "requires": true,
  "dependencies": {
    "monaco-editor-core": {
      "version": "0.11.1",
      "resolved": "https://registry.npmjs.org/monaco-editor-core/-/monaco-editor-core-0.11.1.tgz",
      "integrity": "sha512-zbi+FI4Bm1B48AvAVjir0XUJlH85ZyFHaBcXvZjfy+mui8VaE7Run2ai/l9cvb6oqzTKQwg/UpYDu0BWyB8K5w==",
      "dev": true
    },
    "monaco-plugin-helpers": {
      "version": "1.0.2",
      "resolved": "https://registry.npmjs.org/monaco-plugin-helpers/-/monaco-plugin-helpers-1.0.2.tgz",
      "integrity": "sha512-7kUx8dtd5qVNVgUARBRhnM8oftPglYwlINfigC4yGUiuzqtIN22u1tly8umiOCIPR0eFiBLjt6aN23oZh2QJgg==",
      "dev": true,
      "requires": {
        "typescript": "2.7.2"
      }
    },
    "requirejs": {
      "version": "2.3.5",
      "resolved": "https://registry.npmjs.org/requirejs/-/requirejs-2.3.5.tgz",
      "integrity": "sha512-svnO+aNcR/an9Dpi44C7KSAy5fFGLtmPbaaCeQaklUz8BQhS64tWWIIlvEA5jrWICzlO/X9KSzSeXFnZdBu8nw==",
      "dev": true
    },
    "source-map": {
      "version": "0.6.1",
      "resolved": "https://registry.npmjs.org/source-map/-/source-map-0.6.1.tgz",
      "integrity": "sha512-UjgapumWlbMhkBgzT7Ykc5YXUT46F0iKu8SGXq0bcwP5dz/h0Plj6enJqjz1Zbq2l5WaqYnrVbwWOWMyF3F47g==",
      "dev": true
    },
    "typescript": {
      "version": "2.7.2",
      "resolved": "https://registry.npmjs.org/typescript/-/typescript-2.7.2.tgz",
      "integrity": "sha512-p5TCYZDAO0m4G344hD+wx/LATebLWZNkkh2asWUFqSsD2OrDNhbAHuSjobrmsUmdzjJjEeZVU9g1h3O6vpstnw==",
      "dev": true
    },
    "uglify-js": {
      "version": "3.3.18",
      "resolved": "https://registry.npmjs.org/uglify-js/-/uglify-js-3.3.18.tgz",
      "integrity": "sha512-VhjIFv93KnTx/ntNi9yTBbfrsWnQnqUy02MT32uqU/5i2oEJ8GAEJ0AwYV206JeOmIzSjm41Ba0iXVKv6j7y9g==",
      "dev": true,
      "requires": {
        "commander": "2.15.1",
        "source-map": "0.6.1"
      },
      "dependencies": {
        "commander": {
          "version": "2.15.1",
          "resolved": "https://registry.npmjs.org/commander/-/commander-2.15.1.tgz",
          "integrity": "sha512-VlfT9F3V0v+jr4yxPc5gg9s62/fIVWsd2Bk2iD435um1NlGMYdVCq+MjcXnhYq2icNOizHr1kK+5TI6H0Hy0ag==",
          "dev": true
        }
      }
    }
  }
}
